<?xml version="1.0" encoding="utf-8"?>
<Project ToolsVersion="4.0" xmlns="http://schemas.microsoft.com/developer/msbuild/2003">
  <ItemGroup>
    <Filter Include="Source Files">
      <UniqueIdentifier>{4FC737F1-C7A5-4376-A066-2A32D752A2FF}</UniqueIdentifier>
      <Extensions>cpp;c;cc;cxx;c++;cppm;ixx;def;odl;idl;hpj;bat;asm;asmx</Extensions>
    </Filter>
    <Filter Include="Header Files">
      <UniqueIdentifier>{93995380-89BD-4b04-88EB-625FBE52EBFB}</UniqueIdentifier>
      <Extensions>h;hh;hpp;hxx;h++;hm;inl;inc;ipp;xsd</Extensions>
    </Filter>
    <Filter Include="Resource Files">
      <UniqueIdentifier>{67DA6AB6-F800-4c08-8B7A-83BB121AAD01}</UniqueIdentifier>
      <Extensions>rc;ico;cur;bmp;dlg;rc2;rct;bin;rgs;gif;jpg;jpeg;jpe;resx;tiff;tif;png;wav;mfcribbon-ms</Extensions>
    </Filter>
    <Filter Include="ConsoleRenderer">
      <UniqueIdentifier>{add92a36-7f98-4bcf-ae04-c317272ae794}</UniqueIdentifier>
    </Filter>
    <Filter Include="GameEngine">
      <UniqueIdentifier>{7079d8fc-0abd-4c35-8ab0-4cdc54eb5934}</UniqueIdentifier>
    </Filter>
    <Filter Include="Contents">
      <UniqueIdentifier>{067af88a-dd8f-416f-ba85-f888e764bf8a}</UniqueIdentifier>
    </Filter>
    <Filter Include="Contents\Actor">
      <UniqueIdentifier>{8c2807ba-7776-48fe-9123-a2e8f3478449}</UniqueIdentifier>
    </Filter>
    <Filter Include="GameWorld">
      <UniqueIdentifier>{bd3bef8f-fc07-4cc1-ae78-c0d3a74a407c}</UniqueIdentifier>
    </Filter>
    <Filter Include="Contents\Level">
      <UniqueIdentifier>{e644d3f5-7554-478b-982a-1172eb764d53}</UniqueIdentifier>
    </Filter>
  </ItemGroup>
  <ItemGroup>
    <ClCompile Include="main.cpp">
      <Filter>Source Files</Filter>
    </ClCompile>
    <ClCompile Include="ConsoleRenderer.cpp">
      <Filter>ConsoleRenderer</Filter>
    </ClCompile>
    <ClCompile Include="ConsoleGameEngine.cpp">
      <Filter>GameEngine</Filter>
    </ClCompile>
    <ClCompile Include="Actor.cpp">
      <Filter>Contents\Actor</Filter>
    </ClCompile>
    <ClCompile Include="ConsoleWorld.cpp">
      <Filter>GameWorld</Filter>
    </ClCompile>
    <ClCompile Include="Level.cpp">
      <Filter>Contents\Level</Filter>
    </ClCompile>
    <ClCompile Include="StartLevel.cpp">
      <Filter>Contents\Level</Filter>
    </ClCompile>
  </ItemGroup>
  <ItemGroup>
    <ClInclude Include="ConsoleRenderer.h">
      <Filter>ConsoleRenderer</Filter>
    </ClInclude>
    <ClInclude Include="ConsoleGameEngine.h">
      <Filter>GameEngine</Filter>
    </ClInclude>
    <ClInclude Include="Actor.h">
      <Filter>Contents\Actor</Filter>
    </ClInclude>
    <ClInclude Include="ConsoleWorld.h">
      <Filter>GameWorld</Filter>
    </ClInclude>
    <ClInclude Include="Level.h">
      <Filter>Contents\Level</Filter>
    </ClInclude>
    <ClInclude Include="StartLevel.h">
      <Filter>Contents\Level</Filter>
    </ClInclude>
    <ClInclude Include="Macros.h">
      <Filter>Header Files</Filter>
    </ClInclude>
  </ItemGroup>
</Project>